<?xml version="1.0" encoding="UTF-8"?>
<Scheme
   LastUpgradeVersion = "0500"
   version = "1.7">
   <BuildAction
      parallelizeBuildables = "YES"
      buildImplicitDependencies = "YES">
      <BuildActionEntries>
         <BuildActionEntry
            buildForTesting = "YES"
            buildForRunning = "YES"
            buildForProfiling = "YES"
            buildForArchiving = "YES"
            buildForAnalyzing = "YES">
            <BuildableReference
               BuildableIdentifier = "primary"
               BlueprintIdentifier = "E5DBD411189749DD006664C5"
               BuildableName = "RenDemo.app"
               BlueprintName = "RenDemo"
               ReferencedContainer = "container:RenDemo.xcodeproj">
            </BuildableReference>
         </BuildActionEntry>
      </BuildActionEntries>
   </BuildAction>
   <TestAction
      selectedDebuggerIdentifier = "Xcode.DebuggerFoundation.Debugger.LLDB"
      selectedLauncherIdentifier = "Xcode.DebuggerFoundation.Launcher.LLDB"
      shouldUseLaunchSchemeArgsEnv = "YES"
      buildConfiguration = "Coverage">
      <PostActions>
         <ExecutionAction
            ActionType = "Xcode.IDEStandardExecutionActionsCore.ExecutionActionType.ShellScriptAction">
            <ActionContent
               title = "Run Script"
               scriptText = "OBJ_ARCH_PATH=${PROJECT_TEMP_DIR}/${CONFIGURATION}-iphonesimulator/${PROJECT_NAME}.build/Objects-normal/i386&#10;&#10;COV_PATH=${SRCROOT}/Coverage&#10;COV_INFO=${COV_PATH}/Coverage.info&#10;&#10;mkdir -p ${COV_PATH}&#10;/usr/local/bin/lcov --capture -b ${SRCROOT} -d ${OBJ_ARCH_PATH} -o ${COV_INFO}&#10;/usr/local/bin/lcov --remove ${COV_INFO} &quot;/Applications/Xcode.app/*&quot; -d ${OBJ_ARCH_PATH} -o ${COV_INFO}&#10;/usr/local/bin/lcov --remove ${COV_INFO} &quot;main.m&quot; -d ${OBJ_ARCH_PATH} -o ${COV_INFO}&#10;                       &#10;/usr/local/bin/genhtml --output-directory ${COV_PATH} ${COV_INFO}&#10;">
               <EnvironmentBuildable>
                  <BuildableReference
                     BuildableIdentifier = "primary"
                     BlueprintIdentifier = "E5DBD411189749DD006664C5"
                     BuildableName = "RenDemo.app"
                     BlueprintName = "RenDemo"
                     ReferencedContainer = "container:RenDemo.xcodeproj">
                  </BuildableReference>
               </EnvironmentBuildable>
            </ActionContent>
         </ExecutionAction>
      </PostActions>
      <Testables>
         <TestableReference
            skipped = "NO">
            <BuildableReference
               BuildableIdentifier = "primary"
               BlueprintIdentifier = "E5DBD435189749DD006664C5"
               BuildableName = "RenDemoTests.xctest"
               BlueprintName = "RenDemoTests"
               ReferencedContainer = "container:RenDemo.xcodeproj">
            </BuildableReference>
         </TestableReference>
      </Testables>
      <MacroExpansion>
         <BuildableReference
            BuildableIdentifier = "primary"
            BlueprintIdentifier = "E5DBD411189749DD006664C5"
            BuildableName = "RenDemo.app"
            BlueprintName = "RenDemo"
            ReferencedContainer = "container:RenDemo.xcodeproj">
         </BuildableReference>
      </MacroExpansion>
   </TestAction>
   <LaunchAction
      selectedDebuggerIdentifier = "Xcode.DebuggerFoundation.Debugger.LLDB"
      selectedLauncherIdentifier = "Xcode.DebuggerFoundation.Launcher.LLDB"
      launchStyle = "0"
      useCustomWorkingDirectory = "NO"
      buildConfiguration = "Debug"
      ignoresPersistentStateOnLaunch = "NO"
      debugDocumentVersioning = "YES"
      allowLocationSimulation = "YES">
      <BuildableProductRunnable>
         <BuildableReference
            BuildableIdentifier = "primary"
            BlueprintIdentifier = "E5DBD411189749DD006664C5"
            BuildableName = "RenDemo.app"
            BlueprintName = "RenDemo"
            ReferencedContainer = "container:RenDemo.xcodeproj">
         </BuildableReference>
      </BuildableProductRunnable>
      <AdditionalOptions>
      </AdditionalOptions>
   </LaunchAction>
   <ProfileAction
      shouldUseLaunchSchemeArgsEnv = "YES"
      savedToolIdentifier = ""
      useCustomWorkingDirectory = "NO"
      buildConfiguration = "Release"
      debugDocumentVersioning = "YES">
      <BuildableProductRunnable>
         <BuildableReference
            BuildableIdentifier = "primary"
            BlueprintIdentifier = "E5DBD411189749DD006664C5"
            BuildableName = "RenDemo.app"
            BlueprintName = "RenDemo"
            ReferencedContainer = "container:RenDemo.xcodeproj">
         </BuildableReference>
      </BuildableProductRunnable>
   </ProfileAction>
   <AnalyzeAction
      buildConfiguration = "Debug">
   </AnalyzeAction>
   <ArchiveAction
      buildConfiguration = "Release"
      revealArchiveInOrganizer = "YES">
   </ArchiveAction>
</Scheme>
